
Microsoft Visual Studio Solution File, Format Version 12.00
# Visual Studio Version 16
VisualStudioVersion = 16.0.30204.135
MinimumVisualStudioVersion = 10.0.40219.1
Project("{FAE04EC0-301F-11D3-BF4B-00C04F79EFBC}") = "OscilloscopeKernel", "OscilloscopeKernel\OscilloscopeKernel.csproj", "{2F39106F-C9F9-4469-8458-168B5F140BC8}"
EndProject
Global
	GlobalSection(SolutionConfigurationPlatforms) = preSolution
		Debug|Any CPU = Debug|Any CPU
		Release|Any CPU = Release|Any CPU
	EndGlobalSection
	GlobalSection(ProjectConfigurationPlatforms) = postSolution
		{2F39106F-C9F9-4469-8458-168B5F140BC8}.Debug|Any CPU.ActiveCfg = Debug|Any CPU
		{2F39106F-C9F9-4469-8458-168B5F140BC8}.Debug|Any CPU.Build.0 = Debug|Any CPU
		{2F39106F-C9F9-4469-8458-168B5F140BC8}.Release|Any CPU.ActiveCfg = Release|Any CPU
		{2F39106F-C9F9-4469-8458-168B5F140BC8}.Release|Any CPU.Build.0 = Release|Any CPU
	EndGlobalSection
	GlobalSection(SolutionProperties) = preSolution
		HideSolutionNode = FALSE
	EndGlobalSection
	GlobalSection(ExtensibilityGlobals) = postSolution
		SolutionGuid = {12481E1C-D9DE-4E8E-A58F-2F23BED87277}
	EndGlobalSection
EndGlobal
